
Microsoft Visual Studio Solution File, Format Version 12.00
# Visual Studio Version 17
VisualStudioVersion = 17.14.36408.4
MinimumVisualStudioVersion = 10.0.40219.1
Project("{FAE04EC0-301F-11D3-BF4B-00C04F79EFBC}") = "EasyDispatch", "EasyDispatch\EasyDispatch.csproj", "{3D264A18-6CE2-4391-8C4D-F0931EFD2034}"
EndProject
Project("{FAE04EC0-301F-11D3-BF4B-00C04F79EFBC}") = "EasyDispatch.UnitTests", "EasyDispatch.UnitTests\EasyDispatch.UnitTests.csproj", "{33313AF2-F44E-4C9B-BE6C-4E2BA80FBB84}"
EndProject
Project("{FAE04EC0-301F-11D3-BF4B-00C04F79EFBC}") = "EasyDispatch.IntegrationTests", "EasyDispatch.IntegrationTests\EasyDispatch.IntegrationTests.csproj", "{9DB4C55E-2ECB-4AD7-B3C6-7C949F7EF3E4}"
EndProject
Project("{FAE04EC0-301F-11D3-BF4B-00C04F79EFBC}") = "EasyDispatch.Examples.OpenTelemetry", "EasyDispatch.Examples.OpenTelemetry\EasyDispatch.Examples.OpenTelemetry.csproj", "{BFFE5A0E-6B02-47CA-8423-FCCD3C44CC02}"
EndProject
Project("{2150E333-8FDC-42A3-9474-1A3956D46DE8}") = "Examples", "Examples", "{02EA681E-C7D8-13C7-8484-4AC65E1B71E8}"
EndProject
Project("{2150E333-8FDC-42A3-9474-1A3956D46DE8}") = "Tests", "Tests", "{D7746E0C-7EF3-4F1C-95E2-5CD577346F91}"
EndProject
Project("{FAE04EC0-301F-11D3-BF4B-00C04F79EFBC}") = "EasyDispatch.Examples.Basics", "EasyDispatch.Examples.Basics\EasyDispatch.Examples.Basics.csproj", "{6F307394-FC2A-4252-8BDC-8C20C1225DBA}"
EndProject
Global
	GlobalSection(SolutionConfigurationPlatforms) = preSolution
		Debug|Any CPU = Debug|Any CPU
		Release|Any CPU = Release|Any CPU
	EndGlobalSection
	GlobalSection(ProjectConfigurationPlatforms) = postSolution
		{3D264A18-6CE2-4391-8C4D-F0931EFD2034}.Debug|Any CPU.ActiveCfg = Debug|Any CPU
		{3D264A18-6CE2-4391-8C4D-F0931EFD2034}.Debug|Any CPU.Build.0 = Debug|Any CPU
		{3D264A18-6CE2-4391-8C4D-F0931EFD2034}.Release|Any CPU.ActiveCfg = Release|Any CPU
		{3D264A18-6CE2-4391-8C4D-F0931EFD2034}.Release|Any CPU.Build.0 = Release|Any CPU
		{33313AF2-F44E-4C9B-BE6C-4E2BA80FBB84}.Debug|Any CPU.ActiveCfg = Debug|Any CPU
		{33313AF2-F44E-4C9B-BE6C-4E2BA80FBB84}.Debug|Any CPU.Build.0 = Debug|Any CPU
		{33313AF2-F44E-4C9B-BE6C-4E2BA80FBB84}.Release|Any CPU.ActiveCfg = Release|Any CPU
		{33313AF2-F44E-4C9B-BE6C-4E2BA80FBB84}.Release|Any CPU.Build.0 = Release|Any CPU
		{9DB4C55E-2ECB-4AD7-B3C6-7C949F7EF3E4}.Debug|Any CPU.ActiveCfg = Debug|Any CPU
		{9DB4C55E-2ECB-4AD7-B3C6-7C949F7EF3E4}.Debug|Any CPU.Build.0 = Debug|Any CPU
		{9DB4C55E-2ECB-4AD7-B3C6-7C949F7EF3E4}.Release|Any CPU.ActiveCfg = Release|Any CPU
		{9DB4C55E-2ECB-4AD7-B3C6-7C949F7EF3E4}.Release|Any CPU.Build.0 = Release|Any CPU
		{BFFE5A0E-6B02-47CA-8423-FCCD3C44CC02}.Debug|Any CPU.ActiveCfg = Debug|Any CPU
		{BFFE5A0E-6B02-47CA-8423-FCCD3C44CC02}.Debug|Any CPU.Build.0 = Debug|Any CPU
		{BFFE5A0E-6B02-47CA-8423-FCCD3C44CC02}.Release|Any CPU.ActiveCfg = Release|Any CPU
		{BFFE5A0E-6B02-47CA-8423-FCCD3C44CC02}.Release|Any CPU.Build.0 = Release|Any CPU
		{6F307394-FC2A-4252-8BDC-8C20C1225DBA}.Debug|Any CPU.ActiveCfg = Debug|Any CPU
		{6F307394-FC2A-4252-8BDC-8C20C1225DBA}.Debug|Any CPU.Build.0 = Debug|Any CPU
		{6F307394-FC2A-4252-8BDC-8C20C1225DBA}.Release|Any CPU.ActiveCfg = Release|Any CPU
		{6F307394-FC2A-4252-8BDC-8C20C1225DBA}.Release|Any CPU.Build.0 = Release|Any CPU
	EndGlobalSection
	GlobalSection(SolutionProperties) = preSolution
		HideSolutionNode = FALSE
	EndGlobalSection
	GlobalSection(NestedProjects) = preSolution
		{33313AF2-F44E-4C9B-BE6C-4E2BA80FBB84} = {D7746E0C-7EF3-4F1C-95E2-5CD577346F91}
		{9DB4C55E-2ECB-4AD7-B3C6-7C949F7EF3E4} = {D7746E0C-7EF3-4F1C-95E2-5CD577346F91}
		{BFFE5A0E-6B02-47CA-8423-FCCD3C44CC02} = {02EA681E-C7D8-13C7-8484-4AC65E1B71E8}
		{6F307394-FC2A-4252-8BDC-8C20C1225DBA} = {02EA681E-C7D8-13C7-8484-4AC65E1B71E8}
	EndGlobalSection
	GlobalSection(ExtensibilityGlobals) = postSolution
		SolutionGuid = {7A63E7DF-EAE5-434C-9584-E256B1AAA0A6}
	EndGlobalSection
EndGlobal
